
Microsoft Visual Studio Solution File, Format Version 12.00
# Visual Studio Version 17
VisualStudioVersion = 17.4.32804.182
MinimumVisualStudioVersion = 10.0.40219.1
Project("{FAE04EC0-301F-11D3-BF4B-00C04F79EFBC}") = "AspNetAndBlazorNet7Demos.Server", "AspNetAndBlazorNet7Demos\Server\AspNetAndBlazorNet7Demos.Server.csproj", "{1B6D19FA-5FCC-4263-BE38-E39BC0705D23}"
EndProject
Project("{FAE04EC0-301F-11D3-BF4B-00C04F79EFBC}") = "AspNetAndBlazorNet7Demos.Client", "AspNetAndBlazorNet7Demos\Client\AspNetAndBlazorNet7Demos.Client.csproj", "{D58482A5-F528-48D4-9315-4D92324A238D}"
EndProject
Project("{FAE04EC0-301F-11D3-BF4B-00C04F79EFBC}") = "AspNetAndBlazorNet7Demos.Shared", "AspNetAndBlazorNet7Demos\Shared\AspNetAndBlazorNet7Demos.Shared.csproj", "{2F78D9CD-58C8-426C-855F-B2BC534F9B28}"
EndProject
Global
	GlobalSection(SolutionConfigurationPlatforms) = preSolution
		Debug|Any CPU = Debug|Any CPU
		Release|Any CPU = Release|Any CPU
	EndGlobalSection
	GlobalSection(ProjectConfigurationPlatforms) = postSolution
		{1B6D19FA-5FCC-4263-BE38-E39BC0705D23}.Debug|Any CPU.ActiveCfg = Debug|Any CPU
		{1B6D19FA-5FCC-4263-BE38-E39BC0705D23}.Debug|Any CPU.Build.0 = Debug|Any CPU
		{1B6D19FA-5FCC-4263-BE38-E39BC0705D23}.Release|Any CPU.ActiveCfg = Release|Any CPU
		{1B6D19FA-5FCC-4263-BE38-E39BC0705D23}.Release|Any CPU.Build.0 = Release|Any CPU
		{D58482A5-F528-48D4-9315-4D92324A238D}.Debug|Any CPU.ActiveCfg = Debug|Any CPU
		{D58482A5-F528-48D4-9315-4D92324A238D}.Debug|Any CPU.Build.0 = Debug|Any CPU
		{D58482A5-F528-48D4-9315-4D92324A238D}.Release|Any CPU.ActiveCfg = Release|Any CPU
		{D58482A5-F528-48D4-9315-4D92324A238D}.Release|Any CPU.Build.0 = Release|Any CPU
		{2F78D9CD-58C8-426C-855F-B2BC534F9B28}.Debug|Any CPU.ActiveCfg = Debug|Any CPU
		{2F78D9CD-58C8-426C-855F-B2BC534F9B28}.Debug|Any CPU.Build.0 = Debug|Any CPU
		{2F78D9CD-58C8-426C-855F-B2BC534F9B28}.Release|Any CPU.ActiveCfg = Release|Any CPU
		{2F78D9CD-58C8-426C-855F-B2BC534F9B28}.Release|Any CPU.Build.0 = Release|Any CPU
	EndGlobalSection
	GlobalSection(SolutionProperties) = preSolution
		HideSolutionNode = FALSE
	EndGlobalSection
	GlobalSection(ExtensibilityGlobals) = postSolution
		SolutionGuid = {828FF18E-0BD1-4B21-AEB1-0BA401FE94F9}
	EndGlobalSection
EndGlobal
